
Microsoft Visual Studio Solution File, Format Version 12.00
# Visual Studio Version 17
VisualStudioVersion = 17.14.36310.24 d17.14
MinimumVisualStudioVersion = 10.0.40219.1
Project("{FAE04EC0-301F-11D3-BF4B-00C04F79EFBC}") = "SupplyManagement", "SupplyManagement\SupplyManagement.csproj", "{556F3953-8957-4108-AD51-ACD0F30892FB}"
EndProject
Global
	GlobalSection(SolutionConfigurationPlatforms) = preSolution
		Debug|Any CPU = Debug|Any CPU
		Release|Any CPU = Release|Any CPU
	EndGlobalSection
	GlobalSection(ProjectConfigurationPlatforms) = postSolution
		{556F3953-8957-4108-AD51-ACD0F30892FB}.Debug|Any CPU.ActiveCfg = Debug|Any CPU
		{556F3953-8957-4108-AD51-ACD0F30892FB}.Debug|Any CPU.Build.0 = Debug|Any CPU
		{556F3953-8957-4108-AD51-ACD0F30892FB}.Release|Any CPU.ActiveCfg = Release|Any CPU
		{556F3953-8957-4108-AD51-ACD0F30892FB}.Release|Any CPU.Build.0 = Release|Any CPU
	EndGlobalSection
	GlobalSection(SolutionProperties) = preSolution
		HideSolutionNode = FALSE
	EndGlobalSection
	GlobalSection(ExtensibilityGlobals) = postSolution
		SolutionGuid = {6A5108D6-011A-479A-8FF1-CFA93C12745C}
	EndGlobalSection
EndGlobal
